<?xml version="1.0" encoding="utf-8"?>
<Project ToolsVersion="4.0" xmlns="http://schemas.microsoft.com/developer/msbuild/2003">
  <ItemGroup>
    <Filter Include="源文件">
      <UniqueIdentifier>{4FC737F1-C7A5-4376-A066-2A32D752A2FF}</UniqueIdentifier>
      <Extensions>cpp;c;cc;cxx;def;odl;idl;hpj;bat;asm;asmx</Extensions>
    </Filter>
    <Filter Include="头文件">
      <UniqueIdentifier>{93995380-89BD-4b04-88EB-625FBE52EBFB}</UniqueIdentifier>
      <Extensions>h;hh;hpp;hxx;hm;inl;inc;ipp;xsd</Extensions>
    </Filter>
    <Filter Include="资源文件">
      <UniqueIdentifier>{67DA6AB6-F800-4c08-8B7A-83BB121AAD01}</UniqueIdentifier>
      <Extensions>rc;ico;cur;bmp;dlg;rc2;rct;bin;rgs;gif;jpg;jpeg;jpe;resx;tiff;tif;png;wav;mfcribbon-ms</Extensions>
    </Filter>
    <Filter Include="头文件\Experiment">
      <UniqueIdentifier>{63dc837b-8268-4c16-8319-6d5c73e28540}</UniqueIdentifier>
    </Filter>
    <Filter Include="源文件\Experiment">
      <UniqueIdentifier>{1b3ed7ec-4b0a-45fe-9b1a-b9b35a5dd251}</UniqueIdentifier>
    </Filter>
    <Filter Include="头文件\3-rd">
      <UniqueIdentifier>{237d073f-a4e0-47ba-82f5-c10d8b198005}</UniqueIdentifier>
    </Filter>
    <Filter Include="源文件\3-rd">
      <UniqueIdentifier>{9d05f3b3-8778-4e8f-b0a0-1289ce088776}</UniqueIdentifier>
    </Filter>
    <Filter Include="头文件\Vyterm">
      <UniqueIdentifier>{57e94438-3c25-434f-bd9b-5539d16bf9ce}</UniqueIdentifier>
    </Filter>
    <Filter Include="源文件\Vyterm">
      <UniqueIdentifier>{7f8f0088-acb8-4fa4-891b-8fb9f23706a7}</UniqueIdentifier>
    </Filter>
    <Filter Include="头文件\Gamelib">
      <UniqueIdentifier>{033424f9-4f93-4491-89ba-0f2a7c09ef34}</UniqueIdentifier>
    </Filter>
  </ItemGroup>
  <ItemGroup>
    <ClCompile Include="GameApp.cpp">
      <Filter>源文件</Filter>
    </ClCompile>
    <ClCompile Include="GameSurface.cpp">
      <Filter>源文件</Filter>
    </ClCompile>
    <ClCompile Include="GameCtrl.cpp">
      <Filter>源文件</Filter>
    </ClCompile>
    <ClCompile Include="GameEvent.cpp">
      <Filter>源文件\Experiment</Filter>
    </ClCompile>
    <ClCompile Include="GameSnake.cpp">
      <Filter>源文件</Filter>
    </ClCompile>
    <ClCompile Include="vytTimer.cpp">
      <Filter>源文件\Vyterm</Filter>
    </ClCompile>
    <ClCompile Include="winapi.cpp">
      <Filter>源文件\3-rd</Filter>
    </ClCompile>
    <ClCompile Include="GameEditor.cpp">
      <Filter>源文件</Filter>
    </ClCompile>
    <ClCompile Include="GameGraphic.cpp">
      <Filter>源文件</Filter>
    </ClCompile>
    <ClCompile Include="GameBuff.cpp">
      <Filter>源文件</Filter>
    </ClCompile>
  </ItemGroup>
  <ItemGroup>
    <ClInclude Include="GameApp.hpp">
      <Filter>头文件</Filter>
    </ClInclude>
    <ClInclude Include="GameSurface.hpp">
      <Filter>头文件</Filter>
    </ClInclude>
    <ClInclude Include="GameCtrl.hpp">
      <Filter>头文件</Filter>
    </ClInclude>
    <ClInclude Include="GameEvent.hpp">
      <Filter>头文件\Experiment</Filter>
    </ClInclude>
    <ClInclude Include="GameMap.hpp">
      <Filter>头文件</Filter>
    </ClInclude>
    <ClInclude Include="GameSnake.hpp">
      <Filter>头文件</Filter>
    </ClInclude>
    <ClInclude Include="GameModel.hpp">
      <Filter>头文件</Filter>
    </ClInclude>
    <ClInclude Include="vytTimer.hpp">
      <Filter>头文件\Vyterm</Filter>
    </ClInclude>
    <ClInclude Include="vytVector.hpp">
      <Filter>头文件\Vyterm</Filter>
    </ClInclude>
    <ClInclude Include="winapi.hpp">
      <Filter>头文件\3-rd</Filter>
    </ClInclude>
    <ClInclude Include="GameEditor.hpp">
      <Filter>头文件</Filter>
    </ClInclude>
    <ClInclude Include="GameGraphic.hpp">
      <Filter>头文件</Filter>
    </ClInclude>
    <ClInclude Include="GameLayer.hpp">
      <Filter>头文件</Filter>
    </ClInclude>
    <ClInclude Include="GameMapItem.hpp">
      <Filter>头文件</Filter>
    </ClInclude>
    <ClInclude Include="GameMath.hpp">
      <Filter>头文件\Gamelib</Filter>
    </ClInclude>
    <ClInclude Include="GameColor.hpp">
      <Filter>头文件\Gamelib</Filter>
    </ClInclude>
    <ClInclude Include="GameBuff.hpp">
      <Filter>头文件</Filter>
    </ClInclude>
  </ItemGroup>
  <ItemGroup>
    <Text Include="TaskList.txt">
      <Filter>资源文件</Filter>
    </Text>
  </ItemGroup>
</Project>